{
  "nodes": {
    "esdbclient": {
      "inputs": {
        "flake-utils": [
          "pythoneda-shared-application",
          "pythoneda-shared-infrastructure",
          "flake-utils"
        ],
        "nixos": [
          "pythoneda-shared-application",
          "pythoneda-shared-infrastructure",
          "nixos"
        ]
      },
      "locked": {
        "dir": "esdbclient",
        "lastModified": 1705227856,
        "narHash": "sha256-mu3F53Bj7HAz8MOMCgtIgQ7ko8A0LG0MArCNqWbPHaM=",
        "owner": "rydnr",
        "repo": "nix-flakes",
        "rev": "783f471d5fd80d558483b16a48499ce2ecb024ad",
        "type": "github"
      },
      "original": {
        "dir": "esdbclient",
        "owner": "rydnr",
        "repo": "nix-flakes",
        "type": "github"
      }
    },
    "flake-utils": {
      "locked": {
        "lastModified": 1652776076,
        "narHash": "sha256-gzTw/v1vj4dOVbpBSJX4J0DwUR6LIyXo7/SuuTJp1kM=",
        "owner": "numtide",
        "repo": "flake-utils",
        "rev": "04c1b180862888302ddfb2e3ad9eaa63afc60cf8",
        "type": "github"
      },
      "original": {
        "owner": "numtide",
        "ref": "v1.0.0",
        "repo": "flake-utils",
        "type": "github"
      }
    },
    "nixos": {
      "locked": {
        "lastModified": 1701282334,
        "narHash": "sha256-MxCVrXY6v4QmfTwIysjjaX0XUhqBbxTWWB4HXtDYsdk=",
        "owner": "NixOS",
        "repo": "nixpkgs",
        "rev": "057f9aecfb71c4437d2b27d3323df7f93c010b7e",
        "type": "github"
      },
      "original": {
        "owner": "NixOS",
        "ref": "23.11",
        "repo": "nixpkgs",
        "type": "github"
      }
    },
    "pythoneda-shared-application": {
      "inputs": {
        "flake-utils": [
          "flake-utils"
        ],
        "nixos": [
          "nixos"
        ],
        "pythoneda-shared-artifact-shared": "pythoneda-shared-artifact-shared",
        "pythoneda-shared-banner": [
          "pythoneda-shared-banner"
        ],
        "pythoneda-shared-domain": [
          "pythoneda-shared-domain"
        ],
        "pythoneda-shared-infrastructure": "pythoneda-shared-infrastructure"
      },
      "locked": {
        "lastModified": 1706560772,
        "narHash": "sha256-GS3L9CAAXNMNBALf6+SuY7wPQvJXjgGqB7kMTBUc+i4=",
        "owner": "pythoneda-shared-def",
        "repo": "application",
        "rev": "62d72385af229bb38154f7b3c843311fbe67dbd4",
        "type": "github"
      },
      "original": {
        "owner": "pythoneda-shared-def",
        "ref": "0.0.52",
        "repo": "application",
        "type": "github"
      }
    },
    "pythoneda-shared-artifact-events": {
      "inputs": {
        "flake-utils": [
          "pythoneda-shared-application",
          "pythoneda-shared-artifact-shared",
          "flake-utils"
        ],
        "nixos": [
          "pythoneda-shared-application",
          "pythoneda-shared-artifact-shared",
          "nixos"
        ],
        "pythoneda-shared-banner": [
          "pythoneda-shared-application",
          "pythoneda-shared-artifact-shared",
          "pythoneda-shared-banner"
        ],
        "pythoneda-shared-domain": [
          "pythoneda-shared-application",
          "pythoneda-shared-artifact-shared",
          "pythoneda-shared-domain"
        ]
      },
      "locked": {
        "lastModified": 1706560612,
        "narHash": "sha256-YLA6K3ZP5a6zCG29UPpWBmksm/niOrG2vzJAAaxemcE=",
        "owner": "pythoneda-shared-artifact-def",
        "repo": "events",
        "rev": "5c9e80116d57186b48a7cdc7b804ddd7a80da34a",
        "type": "github"
      },
      "original": {
        "owner": "pythoneda-shared-artifact-def",
        "ref": "0.0.36",
        "repo": "events",
        "type": "github"
      }
    },
    "pythoneda-shared-artifact-shared": {
      "inputs": {
        "flake-utils": [
          "pythoneda-shared-application",
          "flake-utils"
        ],
        "nixos": [
          "pythoneda-shared-application",
          "nixos"
        ],
        "pythoneda-shared-artifact-events": "pythoneda-shared-artifact-events",
        "pythoneda-shared-banner": [
          "pythoneda-shared-application",
          "pythoneda-shared-banner"
        ],
        "pythoneda-shared-domain": [
          "pythoneda-shared-application",
          "pythoneda-shared-domain"
        ],
        "pythoneda-shared-git-shared": "pythoneda-shared-git-shared",
        "pythoneda-shared-nix-flake-shared": "pythoneda-shared-nix-flake-shared"
      },
      "locked": {
        "lastModified": 1706560738,
        "narHash": "sha256-NcoQrjNyckJzqr+KSGsVYtoYxL6mN5z8k86kqcCrelY=",
        "owner": "pythoneda-shared-artifact-def",
        "repo": "shared",
        "rev": "9d802eb6aa01d48592c04c631c62f6a1fee044e0",
        "type": "github"
      },
      "original": {
        "owner": "pythoneda-shared-artifact-def",
        "ref": "0.0.45",
        "repo": "shared",
        "type": "github"
      }
    },
    "pythoneda-shared-banner": {
      "inputs": {
        "flake-utils": [
          "flake-utils"
        ],
        "nixos": [
          "nixos"
        ]
      },
      "locked": {
        "lastModified": 1705523563,
        "narHash": "sha256-jjZLUUwAHWLPzyhCZfz01pkr5WdpA4Kn0AP2H6dBX6g=",
        "owner": "pythoneda-shared-def",
        "repo": "banner",
        "rev": "d9dfb9513567582424a602e21be72a60e3e631b4",
        "type": "github"
      },
      "original": {
        "owner": "pythoneda-shared-def",
        "ref": "0.0.47",
        "repo": "banner",
        "type": "github"
      }
    },
    "pythoneda-shared-domain": {
      "inputs": {
        "flake-utils": [
          "flake-utils"
        ],
        "nixos": [
          "nixos"
        ],
        "pythoneda-shared-banner": [
          "pythoneda-shared-banner"
        ]
      },
      "locked": {
        "lastModified": 1706560553,
        "narHash": "sha256-afsOtqMK2PHpbfHMaIy6hkepFuARc/F4GWd0DaWdlks=",
        "owner": "pythoneda-shared-def",
        "repo": "domain",
        "rev": "405057de08c7f9e25da3ce11bdacef600b0300e0",
        "type": "github"
      },
      "original": {
        "owner": "pythoneda-shared-def",
        "ref": "0.0.31",
        "repo": "domain",
        "type": "github"
      }
    },
    "pythoneda-shared-git-shared": {
      "inputs": {
        "flake-utils": [
          "pythoneda-shared-application",
          "pythoneda-shared-artifact-shared",
          "flake-utils"
        ],
        "nixos": [
          "pythoneda-shared-application",
          "pythoneda-shared-artifact-shared",
          "nixos"
        ],
        "pythoneda-shared-banner": [
          "pythoneda-shared-application",
          "pythoneda-shared-artifact-shared",
          "pythoneda-shared-banner"
        ],
        "pythoneda-shared-domain": [
          "pythoneda-shared-application",
          "pythoneda-shared-artifact-shared",
          "pythoneda-shared-domain"
        ]
      },
      "locked": {
        "lastModified": 1706560668,
        "narHash": "sha256-wFrrUdPBzUAp7MNS0C7GTUcfGBl0IbTRz5/vyz2tSWs=",
        "owner": "pythoneda-shared-git-def",
        "repo": "shared",
        "rev": "c5d4fe721a5cbd2986757bc720e4f7c7d3c0c979",
        "type": "github"
      },
      "original": {
        "owner": "pythoneda-shared-git-def",
        "ref": "0.0.35",
        "repo": "shared",
        "type": "github"
      }
    },
    "pythoneda-shared-git-shared_2": {
      "inputs": {
        "flake-utils": [
          "pythoneda-shared-application",
          "pythoneda-shared-artifact-shared",
          "pythoneda-shared-nix-flake-shared",
          "flake-utils"
        ],
        "nixos": [
          "pythoneda-shared-application",
          "pythoneda-shared-artifact-shared",
          "pythoneda-shared-nix-flake-shared",
          "nixos"
        ],
        "pythoneda-shared-banner": [
          "pythoneda-shared-application",
          "pythoneda-shared-artifact-shared",
          "pythoneda-shared-nix-flake-shared",
          "pythoneda-shared-banner"
        ],
        "pythoneda-shared-domain": [
          "pythoneda-shared-application",
          "pythoneda-shared-artifact-shared",
          "pythoneda-shared-nix-flake-shared",
          "pythoneda-shared-domain"
        ]
      },
      "locked": {
        "lastModified": 1706560668,
        "narHash": "sha256-wFrrUdPBzUAp7MNS0C7GTUcfGBl0IbTRz5/vyz2tSWs=",
        "owner": "pythoneda-shared-git-def",
        "repo": "shared",
        "rev": "c5d4fe721a5cbd2986757bc720e4f7c7d3c0c979",
        "type": "github"
      },
      "original": {
        "owner": "pythoneda-shared-git-def",
        "ref": "0.0.35",
        "repo": "shared",
        "type": "github"
      }
    },
    "pythoneda-shared-infrastructure": {
      "inputs": {
        "esdbclient": "esdbclient",
        "flake-utils": [
          "pythoneda-shared-application",
          "flake-utils"
        ],
        "nixos": [
          "pythoneda-shared-application",
          "nixos"
        ],
        "pythoneda-shared-banner": [
          "pythoneda-shared-application",
          "pythoneda-shared-banner"
        ],
        "pythoneda-shared-domain": [
          "pythoneda-shared-application",
          "pythoneda-shared-domain"
        ]
      },
      "locked": {
        "lastModified": 1706560586,
        "narHash": "sha256-iHTz/DCaZi7tU9hCwjrnKR+TsFFBwMYin6KGY6cdnoA=",
        "owner": "pythoneda-shared-def",
        "repo": "infrastructure",
        "rev": "2d2f01e6ae49dd03c0e4afc270de558dca820566",
        "type": "github"
      },
      "original": {
        "owner": "pythoneda-shared-def",
        "ref": "0.0.27",
        "repo": "infrastructure",
        "type": "github"
      }
    },
    "pythoneda-shared-nix-flake-shared": {
      "inputs": {
        "flake-utils": [
          "pythoneda-shared-application",
          "pythoneda-shared-artifact-shared",
          "flake-utils"
        ],
        "nixos": [
          "pythoneda-shared-application",
          "pythoneda-shared-artifact-shared",
          "nixos"
        ],
        "pythoneda-shared-banner": [
          "pythoneda-shared-application",
          "pythoneda-shared-artifact-shared",
          "pythoneda-shared-banner"
        ],
        "pythoneda-shared-domain": [
          "pythoneda-shared-application",
          "pythoneda-shared-artifact-shared",
          "pythoneda-shared-domain"
        ],
        "pythoneda-shared-git-shared": "pythoneda-shared-git-shared_2",
        "stringtemplate3": "stringtemplate3"
      },
      "locked": {
        "lastModified": 1706560700,
        "narHash": "sha256-D7KkCr4Z0j5bBxtp+u+CFjJcCYkFoM0o6KBRRwSbjh4=",
        "owner": "pythoneda-shared-nix-flake-def",
        "repo": "shared",
        "rev": "a0c7d3493d0035a113247c1b9584f876cd035549",
        "type": "github"
      },
      "original": {
        "owner": "pythoneda-shared-nix-flake-def",
        "ref": "0.0.40",
        "repo": "shared",
        "type": "github"
      }
    },
    "root": {
      "inputs": {
        "flake-utils": "flake-utils",
        "nixos": "nixos",
        "pythoneda-shared-application": "pythoneda-shared-application",
        "pythoneda-shared-banner": "pythoneda-shared-banner",
        "pythoneda-shared-domain": "pythoneda-shared-domain",
        "rydnr-nix-flakes-pytorch": "rydnr-nix-flakes-pytorch",
        "rydnr-nix-flakes-torchaudio": "rydnr-nix-flakes-torchaudio",
        "rydnr-nix-flakes-torchvision": "rydnr-nix-flakes-torchvision"
      }
    },
    "rydnr-nix-flakes-pytorch": {
      "inputs": {
        "flake-utils": [
          "flake-utils"
        ],
        "nixos": [
          "nixos"
        ]
      },
      "locked": {
        "dir": "pytorch",
        "lastModified": 1705141520,
        "narHash": "sha256-it/efdgQthmr+LOfKcw9ZQbp1GETQftx5mwkciX15hE=",
        "owner": "rydnr",
        "repo": "nix-flakes",
        "rev": "c1a3a4c35cb41717069dfaf99df5a88fd838b6fa",
        "type": "github"
      },
      "original": {
        "dir": "pytorch",
        "owner": "rydnr",
        "ref": "pytorch-2.0.1-1",
        "repo": "nix-flakes",
        "type": "github"
      }
    },
    "rydnr-nix-flakes-torchaudio": {
      "inputs": {
        "flake-utils": [
          "flake-utils"
        ],
        "nixos": [
          "nixos"
        ],
        "rydnr-nix-flakes-pytorch": [
          "rydnr-nix-flakes-pytorch"
        ]
      },
      "locked": {
        "dir": "torchaudio",
        "lastModified": 1705216014,
        "narHash": "sha256-XVpgLyJ2mxAnrAzO+VIQ+VU8lmwhDKO+WgeKDdNiGKc=",
        "owner": "rydnr",
        "repo": "nix-flakes",
        "rev": "922732022507a7203bba123e6e51e98633a2e73b",
        "type": "github"
      },
      "original": {
        "dir": "torchaudio",
        "owner": "rydnr",
        "ref": "torchaudio-2.0.2-0",
        "repo": "nix-flakes",
        "type": "github"
      }
    },
    "rydnr-nix-flakes-torchvision": {
      "inputs": {
        "flake-utils": [
          "flake-utils"
        ],
        "nixos": [
          "nixos"
        ],
        "rydnr-nix-flakes-pytorch": [
          "rydnr-nix-flakes-pytorch"
        ]
      },
      "locked": {
        "dir": "torchvision",
        "lastModified": 1705227856,
        "narHash": "sha256-mu3F53Bj7HAz8MOMCgtIgQ7ko8A0LG0MArCNqWbPHaM=",
        "owner": "rydnr",
        "repo": "nix-flakes",
        "rev": "783f471d5fd80d558483b16a48499ce2ecb024ad",
        "type": "github"
      },
      "original": {
        "dir": "torchvision",
        "owner": "rydnr",
        "ref": "torchvision-0.16.2-0",
        "repo": "nix-flakes",
        "type": "github"
      }
    },
    "stringtemplate3": {
      "inputs": {
        "flake-utils": [
          "pythoneda-shared-application",
          "pythoneda-shared-artifact-shared",
          "pythoneda-shared-nix-flake-shared",
          "flake-utils"
        ],
        "nixos": [
          "pythoneda-shared-application",
          "pythoneda-shared-artifact-shared",
          "pythoneda-shared-nix-flake-shared",
          "nixos"
        ]
      },
      "locked": {
        "dir": "stringtemplate3",
        "lastModified": 1695028695,
        "narHash": "sha256-nEyAQq8IJ8Cn8Rnf0jOqfhQ9ya6qtbmf5vuhsDN+KKw=",
        "owner": "rydnr",
        "repo": "nix-flakes",
        "rev": "81e0f7168b7d949c1e1f85897645cba7be7f325c",
        "type": "github"
      },
      "original": {
        "dir": "stringtemplate3",
        "owner": "rydnr",
        "ref": "stringtemplate3-3.1",
        "repo": "nix-flakes",
        "type": "github"
      }
    }
  },
  "root": "root",
  "version": 7
}
