{
  "nodes": {
    "flake-utils": {
      "locked": {
        "lastModified": 1652776076,
        "narHash": "sha256-gzTw/v1vj4dOVbpBSJX4J0DwUR6LIyXo7/SuuTJp1kM=",
        "owner": "numtide",
        "repo": "flake-utils",
        "rev": "04c1b180862888302ddfb2e3ad9eaa63afc60cf8",
        "type": "github"
      },
      "original": {
        "owner": "numtide",
        "ref": "v1.0.0",
        "repo": "flake-utils",
        "type": "github"
      }
    },
    "nixos": {
      "locked": {
        "lastModified": 1685566663,
        "narHash": "sha256-btHN1czJ6rzteeCuE/PNrdssqYD2nIA4w48miQAFloM=",
        "owner": "NixOS",
        "repo": "nixpkgs",
        "rev": "4ecab3273592f27479a583fb6d975d4aba3486fe",
        "type": "github"
      },
      "original": {
        "owner": "NixOS",
        "ref": "23.05",
        "repo": "nixpkgs",
        "type": "github"
      }
    },
    "pythoneda-shared-artifact-events": {
      "inputs": {
        "flake-utils": [
          "pythoneda-shared-pythoneda-application",
          "pythoneda-shared-artifact-shared",
          "flake-utils"
        ],
        "nixos": [
          "pythoneda-shared-pythoneda-application",
          "pythoneda-shared-artifact-shared",
          "nixos"
        ],
        "pythoneda-shared-pythoneda-banner": [
          "pythoneda-shared-pythoneda-application",
          "pythoneda-shared-artifact-shared",
          "pythoneda-shared-pythoneda-banner"
        ],
        "pythoneda-shared-pythoneda-domain": [
          "pythoneda-shared-pythoneda-application",
          "pythoneda-shared-artifact-shared",
          "pythoneda-shared-pythoneda-domain"
        ]
      },
      "locked": {
        "lastModified": 1702814464,
        "narHash": "sha256-RYg9SBFgardD9si2+XrG5JFbM/NbL68dKkOoD8foa6A=",
        "owner": "pythoneda-shared-artifact-def",
        "repo": "events",
        "rev": "f7d1b2ecfdd19cc70a5812fcc41987b663a429ec",
        "type": "github"
      },
      "original": {
        "owner": "pythoneda-shared-artifact-def",
        "ref": "0.0.21",
        "repo": "events",
        "type": "github"
      }
    },
    "pythoneda-shared-artifact-shared": {
      "inputs": {
        "flake-utils": [
          "pythoneda-shared-pythoneda-application",
          "flake-utils"
        ],
        "nixos": [
          "pythoneda-shared-pythoneda-application",
          "nixos"
        ],
        "pythoneda-shared-artifact-events": "pythoneda-shared-artifact-events",
        "pythoneda-shared-git-shared": "pythoneda-shared-git-shared",
        "pythoneda-shared-nix-flake-shared": "pythoneda-shared-nix-flake-shared",
        "pythoneda-shared-pythoneda-banner": [
          "pythoneda-shared-pythoneda-application",
          "pythoneda-shared-pythoneda-banner"
        ],
        "pythoneda-shared-pythoneda-domain": [
          "pythoneda-shared-pythoneda-application",
          "pythoneda-shared-pythoneda-domain"
        ]
      },
      "locked": {
        "lastModified": 1702814610,
        "narHash": "sha256-BKjXOk7EFr6/kIvI+XqEa9H37S07RxSJmTuzb2N7hMQ=",
        "owner": "pythoneda-shared-artifact-def",
        "repo": "shared",
        "rev": "f0f2524037da501ec5e64677817f1312ae9e5192",
        "type": "github"
      },
      "original": {
        "owner": "pythoneda-shared-artifact-def",
        "ref": "0.0.26",
        "repo": "shared",
        "type": "github"
      }
    },
    "pythoneda-shared-git-shared": {
      "inputs": {
        "flake-utils": [
          "pythoneda-shared-pythoneda-application",
          "pythoneda-shared-artifact-shared",
          "flake-utils"
        ],
        "nixos": [
          "pythoneda-shared-pythoneda-application",
          "pythoneda-shared-artifact-shared",
          "nixos"
        ],
        "pythoneda-shared-pythoneda-banner": [
          "pythoneda-shared-pythoneda-application",
          "pythoneda-shared-artifact-shared",
          "pythoneda-shared-pythoneda-banner"
        ],
        "pythoneda-shared-pythoneda-domain": [
          "pythoneda-shared-pythoneda-application",
          "pythoneda-shared-artifact-shared",
          "pythoneda-shared-pythoneda-domain"
        ]
      },
      "locked": {
        "lastModified": 1702814529,
        "narHash": "sha256-C6kEueh4KfHp0uY5M2r/oMsOqCwPvalLCCAoC9O8CpY=",
        "owner": "pythoneda-shared-git-def",
        "repo": "shared",
        "rev": "148fb0f6968486501f33c1bebb1dab14db749346",
        "type": "github"
      },
      "original": {
        "owner": "pythoneda-shared-git-def",
        "ref": "0.0.20",
        "repo": "shared",
        "type": "github"
      }
    },
    "pythoneda-shared-git-shared_2": {
      "inputs": {
        "flake-utils": [
          "pythoneda-shared-pythoneda-application",
          "pythoneda-shared-artifact-shared",
          "pythoneda-shared-nix-flake-shared",
          "flake-utils"
        ],
        "nixos": [
          "pythoneda-shared-pythoneda-application",
          "pythoneda-shared-artifact-shared",
          "pythoneda-shared-nix-flake-shared",
          "nixos"
        ],
        "pythoneda-shared-pythoneda-banner": [
          "pythoneda-shared-pythoneda-application",
          "pythoneda-shared-artifact-shared",
          "pythoneda-shared-nix-flake-shared",
          "pythoneda-shared-pythoneda-banner"
        ],
        "pythoneda-shared-pythoneda-domain": [
          "pythoneda-shared-pythoneda-application",
          "pythoneda-shared-artifact-shared",
          "pythoneda-shared-nix-flake-shared",
          "pythoneda-shared-pythoneda-domain"
        ]
      },
      "locked": {
        "lastModified": 1702814529,
        "narHash": "sha256-C6kEueh4KfHp0uY5M2r/oMsOqCwPvalLCCAoC9O8CpY=",
        "owner": "pythoneda-shared-git-def",
        "repo": "shared",
        "rev": "148fb0f6968486501f33c1bebb1dab14db749346",
        "type": "github"
      },
      "original": {
        "owner": "pythoneda-shared-git-def",
        "ref": "0.0.20",
        "repo": "shared",
        "type": "github"
      }
    },
    "pythoneda-shared-nix-flake-shared": {
      "inputs": {
        "flake-utils": [
          "pythoneda-shared-pythoneda-application",
          "pythoneda-shared-artifact-shared",
          "flake-utils"
        ],
        "nixos": [
          "pythoneda-shared-pythoneda-application",
          "pythoneda-shared-artifact-shared",
          "nixos"
        ],
        "pythoneda-shared-git-shared": "pythoneda-shared-git-shared_2",
        "pythoneda-shared-pythoneda-banner": [
          "pythoneda-shared-pythoneda-application",
          "pythoneda-shared-artifact-shared",
          "pythoneda-shared-pythoneda-banner"
        ],
        "pythoneda-shared-pythoneda-domain": [
          "pythoneda-shared-pythoneda-application",
          "pythoneda-shared-artifact-shared",
          "pythoneda-shared-pythoneda-domain"
        ],
        "stringtemplate3": "stringtemplate3"
      },
      "locked": {
        "lastModified": 1702814565,
        "narHash": "sha256-wQ62JETWJdh50+rl3C+Uel7PupQV5FSpMkQoBCQAXA4=",
        "owner": "pythoneda-shared-nix-flake-def",
        "repo": "shared",
        "rev": "28fd8ba70fdb37a53c967be4fd3002e5dd3852a0",
        "type": "github"
      },
      "original": {
        "owner": "pythoneda-shared-nix-flake-def",
        "ref": "0.0.22",
        "repo": "shared",
        "type": "github"
      }
    },
    "pythoneda-shared-pythoneda-application": {
      "inputs": {
        "flake-utils": [
          "flake-utils"
        ],
        "nixos": [
          "nixos"
        ],
        "pythoneda-shared-artifact-shared": "pythoneda-shared-artifact-shared",
        "pythoneda-shared-pythoneda-banner": [
          "pythoneda-shared-pythoneda-banner"
        ],
        "pythoneda-shared-pythoneda-domain": [
          "pythoneda-shared-pythoneda-domain"
        ],
        "pythoneda-shared-pythoneda-infrastructure": "pythoneda-shared-pythoneda-infrastructure"
      },
      "locked": {
        "lastModified": 1702814650,
        "narHash": "sha256-cv+POcOhHkM2OItQcWFnFmSWkOSGtmidsoYYuyy1TqY=",
        "owner": "pythoneda-shared-pythoneda-def",
        "repo": "application",
        "rev": "dde04c7e6ac5d1afb1f2603ee6a9af95abf182e4",
        "type": "github"
      },
      "original": {
        "owner": "pythoneda-shared-pythoneda-def",
        "ref": "0.0.30",
        "repo": "application",
        "type": "github"
      }
    },
    "pythoneda-shared-pythoneda-banner": {
      "inputs": {
        "flake-utils": [
          "flake-utils"
        ],
        "nixos": [
          "nixos"
        ]
      },
      "locked": {
        "lastModified": 1703761642,
        "narHash": "sha256-RjAsswzY3xBap5kdy8woUrGP7jTEh+qckdmVfMmFq4U=",
        "owner": "pythoneda-shared-pythoneda-def",
        "repo": "banner",
        "rev": "b1d676d1922e82145a05d250802ad2bda80aa709",
        "type": "github"
      },
      "original": {
        "owner": "pythoneda-shared-pythoneda-def",
        "ref": "0.0.40",
        "repo": "banner",
        "type": "github"
      }
    },
    "pythoneda-shared-pythoneda-domain": {
      "inputs": {
        "flake-utils": [
          "flake-utils"
        ],
        "nixos": [
          "nixos"
        ],
        "pythoneda-shared-pythoneda-banner": [
          "pythoneda-shared-pythoneda-banner"
        ]
      },
      "locked": {
        "lastModified": 1702900972,
        "narHash": "sha256-dggny3XqKlhqeKuV7YnsPh+eob573a5OdwSCInjhhEY=",
        "owner": "pythoneda-shared-pythoneda-def",
        "repo": "domain",
        "rev": "fc994ace27e434f47ac69277fb30e4f4f88c89b4",
        "type": "github"
      },
      "original": {
        "owner": "pythoneda-shared-pythoneda-def",
        "ref": "0.0.19",
        "repo": "domain",
        "type": "github"
      }
    },
    "pythoneda-shared-pythoneda-infrastructure": {
      "inputs": {
        "flake-utils": [
          "pythoneda-shared-pythoneda-application",
          "flake-utils"
        ],
        "nixos": [
          "pythoneda-shared-pythoneda-application",
          "nixos"
        ],
        "pythoneda-shared-pythoneda-banner": [
          "pythoneda-shared-pythoneda-application",
          "pythoneda-shared-pythoneda-banner"
        ],
        "pythoneda-shared-pythoneda-domain": [
          "pythoneda-shared-pythoneda-application",
          "pythoneda-shared-pythoneda-domain"
        ]
      },
      "locked": {
        "lastModified": 1702814434,
        "narHash": "sha256-B/4WJd3G9Y/GEzdHQTe9NoitdHvSuQUkXNoPq0DP22A=",
        "owner": "pythoneda-shared-pythoneda-def",
        "repo": "infrastructure",
        "rev": "11e92bd5515f8a574183e799f5816f0b654bb45b",
        "type": "github"
      },
      "original": {
        "owner": "pythoneda-shared-pythoneda-def",
        "ref": "0.0.13",
        "repo": "infrastructure",
        "type": "github"
      }
    },
    "root": {
      "inputs": {
        "flake-utils": "flake-utils",
        "nixos": "nixos",
        "pythoneda-shared-pythoneda-application": "pythoneda-shared-pythoneda-application",
        "pythoneda-shared-pythoneda-banner": "pythoneda-shared-pythoneda-banner",
        "pythoneda-shared-pythoneda-domain": "pythoneda-shared-pythoneda-domain"
      }
    },
    "stringtemplate3": {
      "inputs": {
        "flake-utils": [
          "pythoneda-shared-pythoneda-application",
          "pythoneda-shared-artifact-shared",
          "pythoneda-shared-nix-flake-shared",
          "flake-utils"
        ],
        "nixos": [
          "pythoneda-shared-pythoneda-application",
          "pythoneda-shared-artifact-shared",
          "pythoneda-shared-nix-flake-shared",
          "nixos"
        ]
      },
      "locked": {
        "dir": "stringtemplate3",
        "lastModified": 1695028695,
        "narHash": "sha256-nEyAQq8IJ8Cn8Rnf0jOqfhQ9ya6qtbmf5vuhsDN+KKw=",
        "owner": "rydnr",
        "repo": "nix-flakes",
        "rev": "81e0f7168b7d949c1e1f85897645cba7be7f325c",
        "type": "github"
      },
      "original": {
        "dir": "stringtemplate3",
        "owner": "rydnr",
        "ref": "stringtemplate3-3.1",
        "repo": "nix-flakes",
        "type": "github"
      }
    }
  },
  "root": "root",
  "version": 7
}
